
Microsoft Visual Studio Solution File, Format Version 12.00
# Visual Studio Version 17
VisualStudioVersion = 17.2.32630.192
MinimumVisualStudioVersion = 10.0.40219.1
Project("{FAE04EC0-301F-11D3-BF4B-00C04F79EFBC}") = "MinerosERP", "MinerosERP\MinerosERP.csproj", "{97F30937-66A4-43AD-B260-64B3DC9BBAA5}"
EndProject
Global
	GlobalSection(SolutionConfigurationPlatforms) = preSolution
		Debug|Any CPU = Debug|Any CPU
		Release|Any CPU = Release|Any CPU
	EndGlobalSection
	GlobalSection(ProjectConfigurationPlatforms) = postSolution
		{97F30937-66A4-43AD-B260-64B3DC9BBAA5}.Debug|Any CPU.ActiveCfg = Debug|Any CPU
		{97F30937-66A4-43AD-B260-64B3DC9BBAA5}.Debug|Any CPU.Build.0 = Debug|Any CPU
		{97F30937-66A4-43AD-B260-64B3DC9BBAA5}.Release|Any CPU.ActiveCfg = Release|Any CPU
		{97F30937-66A4-43AD-B260-64B3DC9BBAA5}.Release|Any CPU.Build.0 = Release|Any CPU
	EndGlobalSection
	GlobalSection(SolutionProperties) = preSolution
		HideSolutionNode = FALSE
	EndGlobalSection
	GlobalSection(ExtensibilityGlobals) = postSolution
		SolutionGuid = {247B70FA-3B2D-4CCB-AB6C-F57028A996E4}
	EndGlobalSection
EndGlobal
